
Microsoft Visual Studio Solution File, Format Version 12.00
# Visual Studio for Mac
Project("{FAE04EC0-301F-11D3-BF4B-00C04F79EFBC}") = "Assembly-CSharp", "Assembly-CSharp.csproj", "{F61F3E1E-0FE6-889E-35A8-FAD74291CBB9}"
EndProject
Project("{FAE04EC0-301F-11D3-BF4B-00C04F79EFBC}") = "Assembly-CSharp-firstpass", "Assembly-CSharp-firstpass.csproj", "{869650BF-BF67-7FC2-83BC-D7FFC8001CD1}"
EndProject
Project("{FAE04EC0-301F-11D3-BF4B-00C04F79EFBC}") = "Assembly-CSharp-Editor", "Assembly-CSharp-Editor.csproj", "{6B133CD9-6050-5CF6-8CC5-AD9C5CD3E152}"
EndProject
Global
	GlobalSection(SolutionConfigurationPlatforms) = preSolution
		Debug|Any CPU = Debug|Any CPU
		Release|Any CPU = Release|Any CPU
	EndGlobalSection
	GlobalSection(ProjectConfigurationPlatforms) = postSolution
		{F61F3E1E-0FE6-889E-35A8-FAD74291CBB9}.Debug|Any CPU.ActiveCfg = Debug|Any CPU
		{F61F3E1E-0FE6-889E-35A8-FAD74291CBB9}.Debug|Any CPU.Build.0 = Debug|Any CPU
		{F61F3E1E-0FE6-889E-35A8-FAD74291CBB9}.Release|Any CPU.ActiveCfg = Release|Any CPU
		{F61F3E1E-0FE6-889E-35A8-FAD74291CBB9}.Release|Any CPU.Build.0 = Release|Any CPU
		{869650BF-BF67-7FC2-83BC-D7FFC8001CD1}.Debug|Any CPU.ActiveCfg = Debug|Any CPU
		{869650BF-BF67-7FC2-83BC-D7FFC8001CD1}.Debug|Any CPU.Build.0 = Debug|Any CPU
		{869650BF-BF67-7FC2-83BC-D7FFC8001CD1}.Release|Any CPU.ActiveCfg = Release|Any CPU
		{869650BF-BF67-7FC2-83BC-D7FFC8001CD1}.Release|Any CPU.Build.0 = Release|Any CPU
		{6B133CD9-6050-5CF6-8CC5-AD9C5CD3E152}.Debug|Any CPU.ActiveCfg = Debug|Any CPU
		{6B133CD9-6050-5CF6-8CC5-AD9C5CD3E152}.Debug|Any CPU.Build.0 = Debug|Any CPU
		{6B133CD9-6050-5CF6-8CC5-AD9C5CD3E152}.Release|Any CPU.ActiveCfg = Release|Any CPU
		{6B133CD9-6050-5CF6-8CC5-AD9C5CD3E152}.Release|Any CPU.Build.0 = Release|Any CPU
	EndGlobalSection
	GlobalSection(SolutionProperties) = preSolution
		HideSolutionNode = FALSE
	EndGlobalSection
EndGlobal
